
Microsoft Visual Studio Solution File, Format Version 12.00
# Visual Studio 15
VisualStudioVersion = 15.0.28307.2092
MinimumVisualStudioVersion = 10.0.40219.1
Project("{FAE04EC0-301F-11D3-BF4B-00C04F79EFBC}") = "CRUD App --- List of Bezao Students", "CRUD App --- List of Bezao Students\CRUD App --- List of Bezao Students.csproj", "{ED535D65-35BE-4035-9AB3-6EC05BF36DA0}"
EndProject
Global
	GlobalSection(SolutionConfigurationPlatforms) = preSolution
		Debug|Any CPU = Debug|Any CPU
		Release|Any CPU = Release|Any CPU
	EndGlobalSection
	GlobalSection(ProjectConfigurationPlatforms) = postSolution
		{ED535D65-35BE-4035-9AB3-6EC05BF36DA0}.Debug|Any CPU.ActiveCfg = Debug|Any CPU
		{ED535D65-35BE-4035-9AB3-6EC05BF36DA0}.Debug|Any CPU.Build.0 = Debug|Any CPU
		{ED535D65-35BE-4035-9AB3-6EC05BF36DA0}.Release|Any CPU.ActiveCfg = Release|Any CPU
		{ED535D65-35BE-4035-9AB3-6EC05BF36DA0}.Release|Any CPU.Build.0 = Release|Any CPU
	EndGlobalSection
	GlobalSection(SolutionProperties) = preSolution
		HideSolutionNode = FALSE
	EndGlobalSection
	GlobalSection(ExtensibilityGlobals) = postSolution
		SolutionGuid = {E04CBDE1-23BA-46D6-B1EC-5840D78F2E16}
	EndGlobalSection
EndGlobal
